
Microsoft Visual Studio Solution File, Format Version 12.00
# Visual Studio 2013
VisualStudioVersion = 12.0.30501.0
MinimumVisualStudioVersion = 10.0.40219.1
Project("{FAE04EC0-301F-11D3-BF4B-00C04F79EFBC}") = "Exercise01", "Exercise01\Exercise01.csproj", "{078EE4C0-7BCD-44A5-A16B-D9F0CADCC261}"
EndProject
Global
	GlobalSection(SolutionConfigurationPlatforms) = preSolution
		Debug|Any CPU = Debug|Any CPU
		Release|Any CPU = Release|Any CPU
	EndGlobalSection
	GlobalSection(ProjectConfigurationPlatforms) = postSolution
		{078EE4C0-7BCD-44A5-A16B-D9F0CADCC261}.Debug|Any CPU.ActiveCfg = Debug|Any CPU
		{078EE4C0-7BCD-44A5-A16B-D9F0CADCC261}.Debug|Any CPU.Build.0 = Debug|Any CPU
		{078EE4C0-7BCD-44A5-A16B-D9F0CADCC261}.Release|Any CPU.ActiveCfg = Release|Any CPU
		{078EE4C0-7BCD-44A5-A16B-D9F0CADCC261}.Release|Any CPU.Build.0 = Release|Any CPU
	EndGlobalSection
	GlobalSection(SolutionProperties) = preSolution
		HideSolutionNode = FALSE
	EndGlobalSection
EndGlobal
